git.ailur.dev/ailur/datatracker v1.0.0 h1:zJ0HppqiGEUkpwPVtKDGdHryUkTjnQvP2y+kFcA1gD0=
git.ailur.dev/ailur/datatracker v1.0.0/go.mod h1:0WE5ozzsgckCbIrKJRav+7iOhikl3B9XGHuJ8LCnRQE=
git.ailur.dev/ailur/fg-library/v2 v2.0.1 h1:ltPYXf/Om0hnMD8gr1K5bkYrfHqKPSbb0hxa0wtTnZ0=
git.ailur.dev/ailur/fg-library/v2 v2.0.1/go.mod h1:1jYbWhabGcIwp7CkhHqvRwC8eP+nHv5BrXPe9NX2HE8=
git.ailur.dev/ailur/fg-library/v3 v3.5.0 h1:BGDlS4nQ2PyZWNU4gH3eckVqhZUFIM/zKIj/HXx8RmA=
git.ailur.dev/ailur/fg-library/v3 v3.5.0/go.mod h1:ArNsafpqES2JuxQM5aM+bNe0FwHLIsL6pbjpiWvDwGs=
git.ailur.dev/ailur/fg-library/v3 v3.5.1 h1:9QH1myeXhGIlkihzYnH5jdgnD8UUStWC7aVWWq81hUU=
git.ailur.dev/ailur/fg-library/v3 v3.5.1/go.mod h1:ArNsafpqES2JuxQM5aM+bNe0FwHLIsL6pbjpiWvDwGs=
git.ailur.dev/ailur/fg-library/v3 v3.5.2 h1:rGvZSvmWPRMDGcM7ORMEAR2bd6QJx8vUKdki1SjRkoE=
git.ailur.dev/ailur/fg-library/v3 v3.5.2/go.mod h1:ArNsafpqES2JuxQM5aM+bNe0FwHLIsL6pbjpiWvDwGs=
git.ailur.dev/ailur/fg-library/v3 v3.6.2 h1:PNJKxpvbel2iDeB9+/rpYRyMoim6JjRHOXPYFYky7Ng=
git.ailur.dev/ailur/fg-library/v3 v3.6.2/go.mod h1:ArNsafpqES2JuxQM5aM+bNe0FwHLIsL6pbjpiWvDwGs=
git.ailur.dev/ailur/fg-nucleus-library v1.1.0 h1:D0eWwdlaw4IiOwz96MiRwHIdU/VIwiHUCeO00HkzzsU=
git.ailur.dev/ailur/fg-nucleus-library v1.1.0/go.mod h1:CHuOSByCmookwkcpjJBiinHEF27+IA70BhVtnR2cAhA=
git.ailur.dev/ailur/fg-nucleus-library v1.1.1 h1:IRpAQqgikeT2FyhVbhe16GyIxuTsf1Xq8oLqeUplgHk=
git.ailur.dev/ailur/fg-nucleus-library v1.1.1/go.mod h1:stxiTyMv3Fa7GzpyLbBUh3ahlb7110p0NnCl8ZTjwBs=
git.ailur.dev/ailur/fg-nucleus-library v1.1.2 h1:MXn0BorA8TV46Ig+4C96RU0NpFqrsGNbuw2QCc/7K6Q=
git.ailur.dev/ailur/fg-nucleus-library v1.1.2/go.mod h1:stxiTyMv3Fa7GzpyLbBUh3ahlb7110p0NnCl8ZTjwBs=
git.ailur.dev/ailur/fg-nucleus-library v1.2.0/go.mod h1:stxiTyMv3Fa7GzpyLbBUh3ahlb7110p0NnCl8ZTjwBs=
git.ailur.dev/ailur/fg-nucleus-library v1.2.1 h1:7Vs0q6KyIvAWDMkOvgOcbj/WKpubYKZUszhByKIF+/I=
git.ailur.dev/ailur/fg-nucleus-library v1.2.1/go.mod h1:stxiTyMv3Fa7GzpyLbBUh3ahlb7110p0NnCl8ZTjwBs=
git.ailur.dev/ailur/pow v1.0.3 h1:LjLSol4ax+M+SoajVjbBoDjfmjH6pKu3fDka7bl2KGY=
git.ailur.dev/ailur/pow v1.0.3/go.mod h1:ClAmIdHQ/N9wTq5S4YWhQ5d9CPUBcEjVuOkT07zBdJ4=
github.com/CAFxX/httpcompression v0.0.9 h1:0ue2X8dOLEpxTm8tt+OdHcgA+gbDge0OqFQWGKSqgrg=
github.com/CAFxX/httpcompression v0.0.9/go.mod h1:XX8oPZA+4IDcfZ0A71Hz0mZsv/YJOgYygkFhizVPilM=
github.com/andybalholm/brotli v1.0.5/go.mod h1:fO7iG3H7G2nSZ7m0zPUDn85XEX2GTukHGRSepvi9Eig=
github.com/andybalholm/brotli v1.1.1 h1:PR2pgnyFznKEugtsUo0xLdDop5SKXd5Qf5ysW+7XdTA=
github.com/andybalholm/brotli v1.1.1/go.mod h1:05ib4cKhjx3OQYUY22hTVd34Bc8upXjOLL2rKwwZBoA=
github.com/cespare/xxhash/v2 v2.3.0 h1:UL815xU9SqsFlibzuggzjXhog7bL6oX9BbNZnL2UFvs=
github.com/cespare/xxhash/v2 v2.3.0/go.mod h1:VGX0DQ3Q6kWi7AoAeZDth3/j3BFtOZR5XLFGgcrjCOs=
github.com/creack/pty v1.1.9/go.mod h1:oKZEueFk5CKHvIhNR5MUki03XCEU+Q6VDXinZuGJ33E=
github.com/davecgh/go-spew v1.1.0/go.mod h1:J7Y8YcW2NihsgmVo/mv3lAwl/skON4iLHjSsI+c5H38=
github.com/davecgh/go-spew v1.1.1 h1:vj9j/u1bqnvCEfJOwUhtlOARqs3+rkHYY13jYWTU97c=
github.com/davecgh/go-spew v1.1.1/go.mod h1:J7Y8YcW2NihsgmVo/mv3lAwl/skON4iLHjSsI+c5H38=
github.com/gabriel-vasile/mimetype v1.4.8 h1:FfZ3gj38NjllZIeJAmMhr+qKL8Wu+nOoI3GqacKw1NM=
github.com/gabriel-vasile/mimetype v1.4.8/go.mod h1:ByKUIKGjh1ODkGM1asKUbQZOLGrPjydw3hYPU2YU9t8=
github.com/go-chi/chi/v5 v5.2.0 h1:Aj1EtB0qR2Rdo2dG4O94RIU35w2lvQSj6BRA4+qwFL0=
github.com/go-chi/chi/v5 v5.2.0/go.mod h1:DslCQbL2OYiznFReuXYUmQ2hGd1aDpCnlMNITLSKoi8=
github.com/go-playground/assert/v2 v2.2.0 h1:JvknZsQTYeFEAhQwI4qEt9cyV5ONwRHC+lYKSsYSR8s=
github.com/go-playground/assert/v2 v2.2.0/go.mod h1:VDjEfimB/XKnb+ZQfWdccd7VUvScMdVu0Titje2rxJ4=
github.com/go-playground/locales v0.14.1 h1:EWaQ/wswjilfKLTECiXz7Rh+3BjFhfDFKv/oXslEjJA=
github.com/go-playground/locales v0.14.1/go.mod h1:hxrqLVvrK65+Rwrd5Fc6F2O76J/NuW9t0sjnWqG1slY=
github.com/go-playground/universal-translator v0.18.1 h1:Bcnm0ZwsGyWbCzImXv+pAJnYK9S473LQFuzCbDbfSFY=
github.com/go-playground/universal-translator v0.18.1/go.mod h1:xekY+UJKNuX9WP91TpwSH2VMlDf28Uj24BCp08ZFTUY=
github.com/go-playground/validator/v10 v10.23.0 h1:/PwmTwZhS0dPkav3cdK9kV1FsAmrL8sThn8IHr/sO+o=
github.com/go-playground/validator/v10 v10.23.0/go.mod h1:dbuPbCMFw/DrkbEynArYaCwl3amGuJotoKCe95atGMM=
github.com/golang-jwt/jwt/v5 v5.2.1 h1:OuVbFODueb089Lh128TAcimifWaLhJwVflnrgM17wHk=
github.com/golang-jwt/jwt/v5 v5.2.1/go.mod h1:pqrtFR0X4osieyHYxtmOUWsAWrfe1Q5UVIyoH402zdk=
github.com/google/brotli/go/cbrotli v0.0.0-20230829110029-ed738e842d2f h1:jopqB+UTSdJGEJT8tEqYyE29zN91fi2827oLET8tl7k=
github.com/google/brotli/go/cbrotli v0.0.0-20230829110029-ed738e842d2f/go.mod h1:nOPhAkwVliJdNTkj3gXpljmWhjc4wCaVqbMJcPKWP4s=
github.com/google/uuid v1.6.0 h1:NIvaJDMOsjHA8n1jAhLSgzrAzy1Hgr+hNrb57e+94F0=
github.com/google/uuid v1.6.0/go.mod h1:TIyPZe4MgqvfeYDBFedMoGGpEw/LqOeaOT+nhxU+yHo=
github.com/klauspost/compress v1.16.7/go.mod h1:ntbaceVETuRiXiv4DpjP66DpAtAGkEQskQzEyD//IeE=
github.com/klauspost/compress v1.17.11 h1:In6xLpyWOi1+C7tXUUWv2ot1QvBjxevKAaI6IXrJmUc=
github.com/klauspost/compress v1.17.11/go.mod h1:pMDklpSncoRMuLFrf1W9Ss9KT+0rH90U12bZKk7uwG0=
github.com/klauspost/pgzip v1.2.6/go.mod h1:Ch1tH69qFZu15pkjo5kYi6mth2Zzwzt50oCQKQE9RUs=
github.com/kr/pretty v0.2.1/go.mod h1:ipq/a2n7PKx3OHsz4KJII5eveXtPO4qwEXGdVfWzfnI=
github.com/kr/pretty v0.3.1 h1:flRD4NNwYAUpkphVc1HcthR4KEIFJ65n8Mw5qdRn3LE=
github.com/kr/pretty v0.3.1/go.mod h1:hoEshYVHaxMs3cyo3Yncou5ZscifuDolrwPKZanG3xk=
github.com/kr/pty v1.1.1/go.mod h1:pFQYn66WHrOpPYNljwOMqo10TkYh1fy3cYio2l3bCsQ=
github.com/kr/text v0.1.0/go.mod h1:4Jbv+DJW3UT/LiOwJeYQe1efqtUx/iVham/4vfdArNI=
github.com/kr/text v0.2.0 h1:5Nx0Ya0ZqY2ygV366QzturHI13Jq95ApcVaJBhpS+AY=
github.com/kr/text v0.2.0/go.mod h1:eLer722TekiGuMkidMxC/pM04lWEeraHUUmBw8l2grE=
github.com/leodido/go-urn v1.4.0 h1:WT9HwE9SGECu3lg4d/dIA+jxlljEa1/ffXKmRjqdmIQ=
github.com/leodido/go-urn v1.4.0/go.mod h1:bvxc+MVxLKB4z00jd1z+Dvzr47oO32F/QSNjSBOlFxI=
github.com/lib/pq v1.10.9 h1:YXG7RB+JIjhP29X+OtkiDnYaXQwpS4JEWq7dtCCRUEw=
github.com/lib/pq v1.10.9/go.mod h1:AlVN5x4E4T544tWzH6hKfbfQvm3HdbOxrmggDNAPY9o=
github.com/mattn/go-sqlite3 v1.14.24 h1:tpSp2G2KyMnnQu99ngJ47EIkWVmliIizyZBfPrBWDRM=
github.com/mattn/go-sqlite3 v1.14.24/go.mod h1:Uh1q+B4BYcTPb+yiD3kU8Ct7aC0hY9fxUwlHK0RXw+Y=
github.com/pierrec/lz4/v4 v4.1.18 h1:xaKrnTkyoqfh1YItXl56+6KJNVYWlEEPuAQW9xsplYQ=
github.com/pierrec/lz4/v4 v4.1.18/go.mod h1:gZWDp/Ze/IJXGXf23ltt2EXimqmTUXEy0GFuRQyBid4=
github.com/pkg/diff v0.0.0-20210226163009-20ebb0f2a09e/go.mod h1:pJLUxLENpZxwdsKMEsNbx1VGcRFpLqf3715MtcvvzbA=
github.com/pmezard/go-difflib v1.0.0 h1:4DBwDE0NGyQoBHbLQYPwSUPoCMWR5BEzIk/f1lZbAQM=
github.com/pmezard/go-difflib v1.0.0/go.mod h1:iKH77koFhYxTK1pcRnkKkqfTogsbg7gZNVY4sRDYZ/4=
github.com/rogpeppe/go-internal v1.9.0/go.mod h1:WtVeX8xhTBvf0smdhujwtBcq4Qrzq/fJaraNFVN+nFs=
github.com/rogpeppe/go-internal v1.13.1 h1:KvO1DLK/DRN07sQ1LQKScxyZJuNnedQ5/wKSR38lUII=
github.com/rogpeppe/go-internal v1.13.1/go.mod h1:uMEvuHeurkdAXX61udpOXGD/AzZDWNMNyH2VO9fmH0o=
github.com/stretchr/objx v0.1.0/go.mod h1:HFkY916IF+rwdDfMAkV7OtwuqBVzrE8GR6GFx+wExME=
github.com/stretchr/objx v0.4.0/go.mod h1:YvHI0jy2hoMjB+UWwv71VJQ9isScKT/TqJzVSSt89Yw=
github.com/stretchr/objx v0.5.0/go.mod h1:Yh+to48EsGEfYuaHDzXPcE3xhTkx73EhmCGUpEOglKo=
github.com/stretchr/testify v1.7.1/go.mod h1:6Fq8oRcR53rry900zMqJjRRixrwX3KX962/h/Wwjteg=
github.com/stretchr/testify v1.8.0/go.mod h1:yNjHg4UonilssWZ8iaSj1OCr/vHnekPRkoO+kdMU+MU=
github.com/stretchr/testify v1.8.4/go.mod h1:sz/lmYIOXD/1dqDmKjjqLyZ2RngseejIcXlSw2iwfAo=
github.com/stretchr/testify v1.10.0 h1:Xv5erBjTwe/5IxqUQTdXv5kgmIvbHo3QQyRwhJsOfJA=
github.com/stretchr/testify v1.10.0/go.mod h1:r2ic/lqez/lEtzL7wO/rwa5dbSLXVDPFyf8C91i36aY=
github.com/ulikunitz/xz v0.5.11/go.mod h1:nbz6k7qbPmH4IRqmfOplQw/tblSgqTqBwxkY0oWt/14=
github.com/valyala/gozstd v1.20.1 h1:xPnnnvjmaDDitMFfDxmQ4vpx0+3CdTg2o3lALvXTU/g=
github.com/valyala/gozstd v1.20.1/go.mod h1:y5Ew47GLlP37EkTB+B4s7r6A5rdaeB7ftbl9zoYiIPQ=
github.com/xyproto/randomstring v1.0.5 h1:YtlWPoRdgMu3NZtP45drfy1GKoojuR7hmRcnhZqKjWU=
github.com/xyproto/randomstring v1.0.5/go.mod h1:rgmS5DeNXLivK7YprL0pY+lTuhNQW3iGxZ18UQApw/E=
golang.org/x/crypto v0.32.0 h1:euUpcYgM8WcP71gNpTqQCn6rC2t6ULUPiOzfWaXVVfc=
golang.org/x/crypto v0.32.0/go.mod h1:ZnnJkOaASj8g0AjIduWNlq2NRxL0PlBrbKVyZ6V/Ugc=
golang.org/x/net v0.34.0 h1:Mb7Mrk043xzHgnRM88suvJFwzVrRfHEHJEl5/71CKw0=
golang.org/x/net v0.34.0/go.mod h1:di0qlW3YNM5oh6GqDGQr92MyTozJPmybPK4Ev/Gm31k=
golang.org/x/sys v0.29.0 h1:TPYlXGxvx1MGTn2GiZDhnjPA9wZzZeGKHHmKhHYvgaU=
golang.org/x/sys v0.29.0/go.mod h1:/VUhepiaJMQUp4+oa/7Zr1D23ma6VTLIYjOOTFZPUcA=
golang.org/x/text v0.21.0 h1:zyQAAkrwaneQ066sspRyJaG9VNi/YJ1NfzcGB3hZ/qo=
golang.org/x/text v0.21.0/go.mod h1:4IBbMaMmOPCJ8SecivzSH54+73PCFmPWxNTLm+vZkEQ=
gopkg.in/check.v1 v0.0.0-20161208181325-20d25e280405/go.mod h1:Co6ibVJAznAaIkqp8huTwlJQCZ016jof/cbN4VW5Yz0=
gopkg.in/check.v1 v1.0.0-20201130134442-10cb98267c6c h1:Hei/4ADfdWqJk1ZMxUNpqntNwaWcugrBjAiHlqqRiVk=
gopkg.in/check.v1 v1.0.0-20201130134442-10cb98267c6c/go.mod h1:JHkPIbrfpd72SG/EVd6muEfDQjcINNoR0C8j2r3qZ4Q=
gopkg.in/yaml.v3 v3.0.0-20200313102051-9f266ea9e77c/go.mod h1:K4uyk7z7BCEPqu6E+C64Yfv1cQ7kz7rIZviUmN+EgEM=
gopkg.in/yaml.v3 v3.0.1 h1:fxVm/GzAzEWqLHuvctI91KS9hhNmmWOoWu0XTYJS7CA=
gopkg.in/yaml.v3 v3.0.1/go.mod h1:K4uyk7z7BCEPqu6E+C64Yfv1cQ7kz7rIZviUmN+EgEM=
